
Microsoft Visual Studio Solution File, Format Version 12.00
# Visual Studio Version 16
VisualStudioVersion = 16.0.29519.87
MinimumVisualStudioVersion = 10.0.40219.1
Project("{FAE04EC0-301F-11D3-BF4B-00C04F79EFBC}") = "Hzexe.Lanzou", "Hzexe.Lanzou\Hzexe.Lanzou.csproj", "{01C19177-3FC3-4985-99D5-277BD9C9188E}"
EndProject
Project("{FAE04EC0-301F-11D3-BF4B-00C04F79EFBC}") = "Hzexe.LanzouTests", "Hzexe.LanzouTests\Hzexe.LanzouTests.csproj", "{00249578-3918-4580-B0D4-075372DD6E2D}"
EndProject
Global
	GlobalSection(SolutionConfigurationPlatforms) = preSolution
		Debug|Any CPU = Debug|Any CPU
		Release|Any CPU = Release|Any CPU
	EndGlobalSection
	GlobalSection(ProjectConfigurationPlatforms) = postSolution
		{01C19177-3FC3-4985-99D5-277BD9C9188E}.Debug|Any CPU.ActiveCfg = Debug|Any CPU
		{01C19177-3FC3-4985-99D5-277BD9C9188E}.Debug|Any CPU.Build.0 = Debug|Any CPU
		{01C19177-3FC3-4985-99D5-277BD9C9188E}.Release|Any CPU.ActiveCfg = Release|Any CPU
		{01C19177-3FC3-4985-99D5-277BD9C9188E}.Release|Any CPU.Build.0 = Release|Any CPU
		{00249578-3918-4580-B0D4-075372DD6E2D}.Debug|Any CPU.ActiveCfg = Debug|Any CPU
		{00249578-3918-4580-B0D4-075372DD6E2D}.Debug|Any CPU.Build.0 = Debug|Any CPU
		{00249578-3918-4580-B0D4-075372DD6E2D}.Release|Any CPU.ActiveCfg = Release|Any CPU
		{00249578-3918-4580-B0D4-075372DD6E2D}.Release|Any CPU.Build.0 = Release|Any CPU
	EndGlobalSection
	GlobalSection(SolutionProperties) = preSolution
		HideSolutionNode = FALSE
	EndGlobalSection
	GlobalSection(ExtensibilityGlobals) = postSolution
		SolutionGuid = {0751D4EA-D122-4CD9-8B2A-13E76BA6E530}
	EndGlobalSection
EndGlobal
